{
  "version": "5",
  "specifiers": {
    "jsr:@std/async@0.224": "0.224.2",
    "jsr:@std/http@*": "0.224.0",
    "jsr:@std/http@0.224.0": "0.224.0"
  },
  "jsr": {
    "@std/async@0.224.2": {
      "integrity": "4d277d6e165df43d5e061ba0ef3edfddb8e8d558f5b920e3e6b1d2614b44d074"
    },
    "@std/http@0.224.0": {
      "integrity": "fde48c9133d1d7bb94c134d8f0f01c1a737e6e3879f52580e9ca92217a011e82",
      "dependencies": [
        "jsr:@std/async"
      ]
    }
  }
}
